
Microsoft Visual Studio Solution File, Format Version 12.00
# Visual Studio Version 17
VisualStudioVersion = 17.1.31903.286
MinimumVisualStudioVersion = 10.0.40219.1
Project("{9A19103F-16F7-4668-BE54-9A1E7A4F7556}") = "gRPCDemoUsingNET6", "gRPCDemoUsingNET6\gRPCDemoUsingNET6.csproj", "{15CA08E9-8A7D-40B8-AD73-07D87E7ECAA7}"
EndProject
Project("{FAE04EC0-301F-11D3-BF4B-00C04F79EFBC}") = "gRPCClient", "gRPCClient\gRPCClient.csproj", "{665E544D-291B-4D5B-B1F3-F76400C82F62}"
EndProject
Global
	GlobalSection(SolutionConfigurationPlatforms) = preSolution
		Debug|Any CPU = Debug|Any CPU
		Release|Any CPU = Release|Any CPU
	EndGlobalSection
	GlobalSection(ProjectConfigurationPlatforms) = postSolution
		{15CA08E9-8A7D-40B8-AD73-07D87E7ECAA7}.Debug|Any CPU.ActiveCfg = Debug|Any CPU
		{15CA08E9-8A7D-40B8-AD73-07D87E7ECAA7}.Debug|Any CPU.Build.0 = Debug|Any CPU
		{15CA08E9-8A7D-40B8-AD73-07D87E7ECAA7}.Release|Any CPU.ActiveCfg = Release|Any CPU
		{15CA08E9-8A7D-40B8-AD73-07D87E7ECAA7}.Release|Any CPU.Build.0 = Release|Any CPU
		{665E544D-291B-4D5B-B1F3-F76400C82F62}.Debug|Any CPU.ActiveCfg = Debug|Any CPU
		{665E544D-291B-4D5B-B1F3-F76400C82F62}.Debug|Any CPU.Build.0 = Debug|Any CPU
		{665E544D-291B-4D5B-B1F3-F76400C82F62}.Release|Any CPU.ActiveCfg = Release|Any CPU
		{665E544D-291B-4D5B-B1F3-F76400C82F62}.Release|Any CPU.Build.0 = Release|Any CPU
	EndGlobalSection
	GlobalSection(SolutionProperties) = preSolution
		HideSolutionNode = FALSE
	EndGlobalSection
	GlobalSection(ExtensibilityGlobals) = postSolution
		SolutionGuid = {8FBD531E-8E73-4865-A6C1-F128B6483B4C}
	EndGlobalSection
EndGlobal
